
Microsoft Visual Studio Solution File, Format Version 12.00
# Visual Studio Version 17
VisualStudioVersion = 17.3.32901.215
MinimumVisualStudioVersion = 10.0.40219.1
Project("{9A19103F-16F7-4668-BE54-9A1E7A4F7556}") = "ExampleGembox.API.Services", "..\ExampleGembox.API.Services\ExampleGembox.API.Services.csproj", "{35695A35-371E-43D0-A9DB-0B0DBC891E8B}"
EndProject
Project("{9A19103F-16F7-4668-BE54-9A1E7A4F7556}") = "Example.API", "Example.API.csproj", "{C79C8EFA-1168-48E3-8EC9-EF93ADF170F5}"
EndProject
Global
	GlobalSection(SolutionConfigurationPlatforms) = preSolution
		Debug|Any CPU = Debug|Any CPU
		Release|Any CPU = Release|Any CPU
	EndGlobalSection
	GlobalSection(ProjectConfigurationPlatforms) = postSolution
		{35695A35-371E-43D0-A9DB-0B0DBC891E8B}.Debug|Any CPU.ActiveCfg = Debug|Any CPU
		{35695A35-371E-43D0-A9DB-0B0DBC891E8B}.Debug|Any CPU.Build.0 = Debug|Any CPU
		{35695A35-371E-43D0-A9DB-0B0DBC891E8B}.Release|Any CPU.ActiveCfg = Release|Any CPU
		{35695A35-371E-43D0-A9DB-0B0DBC891E8B}.Release|Any CPU.Build.0 = Release|Any CPU
		{C79C8EFA-1168-48E3-8EC9-EF93ADF170F5}.Debug|Any CPU.ActiveCfg = Debug|Any CPU
		{C79C8EFA-1168-48E3-8EC9-EF93ADF170F5}.Debug|Any CPU.Build.0 = Debug|Any CPU
		{C79C8EFA-1168-48E3-8EC9-EF93ADF170F5}.Release|Any CPU.ActiveCfg = Release|Any CPU
		{C79C8EFA-1168-48E3-8EC9-EF93ADF170F5}.Release|Any CPU.Build.0 = Release|Any CPU
	EndGlobalSection
	GlobalSection(SolutionProperties) = preSolution
		HideSolutionNode = FALSE
	EndGlobalSection
	GlobalSection(ExtensibilityGlobals) = postSolution
		SolutionGuid = {16E15FA5-58B5-4043-9D90-77709308D62D}
	EndGlobalSection
EndGlobal
